" Generated by vim-plug
" Wed 16 Nov 2022 15:38:44
" :source this file in vim to restore the snapshot
" or execute: vim -S snapshot.vim

silent! let g:plugs['ale'].commit = '951a668b1490f0b3dcdcec6b4ebf3f626c0f416f'
silent! let g:plugs['fzf'].commit = 'd04faa650562512b97bef2fb32621a532ab5922a'
silent! let g:plugs['fzf.vim'].commit = '9ceac718026fd39498d95ff04fa04d3e40c465d7'
silent! let g:plugs['nerdcommenter'].commit = 'fe74a1b890701eb5f196e9639b2147d5f126d9ae'
silent! let g:plugs['nerdtree'].commit = 'fc85a6f07c2cd694be93496ffad75be126240068'
silent! let g:plugs['quickfix-reflector.vim'].commit = '6a6a9e28e1713b9e9db99eec1e6672e5666c01b9'
silent! let g:plugs['supertab'].commit = 'f0093ae12a9115498f887199809a6114659fc858'
silent! let g:plugs['typescript-vim'].commit = '52f3ca3474d51f5021696ffb7297d989e49121ac'
silent! let g:plugs['vim-bundler'].commit = '981e47b6d25ac4b98e3225ec1eea598810597f5f'
silent! let g:plugs['vim-case-convert'].commit = '0a75eb4cf77976c1cdecaa6155c752b1f0c693d8'
silent! let g:plugs['vim-fugitive'].commit = 'dd8107cabf5fe85df94d5eedcae52415e543f208'
silent! let g:plugs['vim-javascript'].commit = 'c470ce1399a544fe587eab950f571c83cccfbbdc'
silent! let g:plugs['vim-jsx'].commit = '8879e0d9c5ba0e04ecbede1c89f63b7a0efa24af'
silent! let g:plugs['vim-rails'].commit = 'a6d2bac95b446a5c23eff4638eca164b0d77454a'
silent! let g:plugs['vim-rbenv'].commit = '2961648bcd772b0dc115ff5b5100f7d15b8c499f'
silent! let g:plugs['vim-ripgrep'].commit = '14c77c1236aad111499353e1f20a0e9619189b4f'
silent! let g:plugs['vim-ruby'].commit = 'd8ef4c3584d0403d26f69bfd0a8fc6bfe198aeee'

PlugUpdate!

